
Microsoft Visual Studio Solution File, Format Version 12.00
# Visual Studio Version 17
VisualStudioVersion = 17.1.32328.378
MinimumVisualStudioVersion = 10.0.40219.1
Project("{FAE04EC0-301F-11D3-BF4B-00C04F79EFBC}") = "exercicio4", "exercicio4.csproj", "{D3449AEE-46D4-42CE-8DB6-50D62EFA27CD}"
EndProject
Global
	GlobalSection(SolutionConfigurationPlatforms) = preSolution
		Debug|Any CPU = Debug|Any CPU
		Release|Any CPU = Release|Any CPU
	EndGlobalSection
	GlobalSection(ProjectConfigurationPlatforms) = postSolution
		{D3449AEE-46D4-42CE-8DB6-50D62EFA27CD}.Debug|Any CPU.ActiveCfg = Debug|Any CPU
		{D3449AEE-46D4-42CE-8DB6-50D62EFA27CD}.Debug|Any CPU.Build.0 = Debug|Any CPU
		{D3449AEE-46D4-42CE-8DB6-50D62EFA27CD}.Release|Any CPU.ActiveCfg = Release|Any CPU
		{D3449AEE-46D4-42CE-8DB6-50D62EFA27CD}.Release|Any CPU.Build.0 = Release|Any CPU
	EndGlobalSection
	GlobalSection(SolutionProperties) = preSolution
		HideSolutionNode = FALSE
	EndGlobalSection
	GlobalSection(ExtensibilityGlobals) = postSolution
		SolutionGuid = {8AD0B7D5-1DBA-433A-8682-221E344DA3B3}
	EndGlobalSection
EndGlobal
